
Microsoft Visual Studio Solution File, Format Version 12.00
# Visual Studio Version 17
VisualStudioVersion = 17.9.34616.47
MinimumVisualStudioVersion = 10.0.40219.1
Project("{FAE04EC0-301F-11D3-BF4B-00C04F79EFBC}") = "Tasks 1-4", "Tasks 1-4\Tasks 1-4.csproj", "{B462C823-77A9-4B74-8E3C-E72679F1AC99}"
EndProject
Project("{FAE04EC0-301F-11D3-BF4B-00C04F79EFBC}") = "Task 5", "Task 5\Task 5.csproj", "{47D5A377-F84F-4F24-8AA4-3C38324F5A96}"
EndProject
Global
	GlobalSection(SolutionConfigurationPlatforms) = preSolution
		Debug|Any CPU = Debug|Any CPU
		Release|Any CPU = Release|Any CPU
	EndGlobalSection
	GlobalSection(ProjectConfigurationPlatforms) = postSolution
		{B462C823-77A9-4B74-8E3C-E72679F1AC99}.Debug|Any CPU.ActiveCfg = Debug|Any CPU
		{B462C823-77A9-4B74-8E3C-E72679F1AC99}.Debug|Any CPU.Build.0 = Debug|Any CPU
		{B462C823-77A9-4B74-8E3C-E72679F1AC99}.Release|Any CPU.ActiveCfg = Release|Any CPU
		{B462C823-77A9-4B74-8E3C-E72679F1AC99}.Release|Any CPU.Build.0 = Release|Any CPU
		{47D5A377-F84F-4F24-8AA4-3C38324F5A96}.Debug|Any CPU.ActiveCfg = Debug|Any CPU
		{47D5A377-F84F-4F24-8AA4-3C38324F5A96}.Debug|Any CPU.Build.0 = Debug|Any CPU
		{47D5A377-F84F-4F24-8AA4-3C38324F5A96}.Release|Any CPU.ActiveCfg = Release|Any CPU
		{47D5A377-F84F-4F24-8AA4-3C38324F5A96}.Release|Any CPU.Build.0 = Release|Any CPU
	EndGlobalSection
	GlobalSection(SolutionProperties) = preSolution
		HideSolutionNode = FALSE
	EndGlobalSection
	GlobalSection(ExtensibilityGlobals) = postSolution
		SolutionGuid = {96A102C5-EE41-4C6D-AD0D-D619C2DEC2A4}
	EndGlobalSection
EndGlobal
