
Microsoft Visual Studio Solution File, Format Version 12.00
# Visual Studio Version 17
VisualStudioVersion = 17.9.34616.47
MinimumVisualStudioVersion = 10.0.40219.1
Project("{FAE04EC0-301F-11D3-BF4B-00C04F79EFBC}") = "Employees", "Employees\Employees.csproj", "{FAE99D72-D1E8-48DA-93E5-03C341180928}"
EndProject
Global
	GlobalSection(SolutionConfigurationPlatforms) = preSolution
		Debug|Any CPU = Debug|Any CPU
		Release|Any CPU = Release|Any CPU
	EndGlobalSection
	GlobalSection(ProjectConfigurationPlatforms) = postSolution
		{FAE99D72-D1E8-48DA-93E5-03C341180928}.Debug|Any CPU.ActiveCfg = Debug|Any CPU
		{FAE99D72-D1E8-48DA-93E5-03C341180928}.Debug|Any CPU.Build.0 = Debug|Any CPU
		{FAE99D72-D1E8-48DA-93E5-03C341180928}.Release|Any CPU.ActiveCfg = Release|Any CPU
		{FAE99D72-D1E8-48DA-93E5-03C341180928}.Release|Any CPU.Build.0 = Release|Any CPU
	EndGlobalSection
	GlobalSection(SolutionProperties) = preSolution
		HideSolutionNode = FALSE
	EndGlobalSection
	GlobalSection(ExtensibilityGlobals) = postSolution
		SolutionGuid = {DA1764AE-8A26-44F7-B073-2E4556AC930D}
	EndGlobalSection
EndGlobal
