
Microsoft Visual Studio Solution File, Format Version 12.00
# Visual Studio Version 17
VisualStudioVersion = 17.9.34622.214
MinimumVisualStudioVersion = 10.0.40219.1
Project("{9A19103F-16F7-4668-BE54-9A1E7A4F7556}") = "Models", "Models\Models.csproj", "{909A7C8D-F7FD-49BD-A68D-40ABB03A231F}"
EndProject
Project("{9A19103F-16F7-4668-BE54-9A1E7A4F7556}") = "Taxi Manager", "Taxi Manager\Taxi Manager.csproj", "{7ED3129B-D5B8-4E89-9F2E-7368D7A3ACF5}"
EndProject
Project("{9A19103F-16F7-4668-BE54-9A1E7A4F7556}") = "DataAcess", "DataAcess\DataAcess.csproj", "{A16E2EE6-B195-4898-BE0E-6C59920BD0F0}"
EndProject
Project("{FAE04EC0-301F-11D3-BF4B-00C04F79EFBC}") = "Services", "Services\Services.csproj", "{BA8B6516-86C8-49D2-B54B-778A25B4329A}"
EndProject
Global
	GlobalSection(SolutionConfigurationPlatforms) = preSolution
		Debug|Any CPU = Debug|Any CPU
		Release|Any CPU = Release|Any CPU
	EndGlobalSection
	GlobalSection(ProjectConfigurationPlatforms) = postSolution
		{909A7C8D-F7FD-49BD-A68D-40ABB03A231F}.Debug|Any CPU.ActiveCfg = Debug|Any CPU
		{909A7C8D-F7FD-49BD-A68D-40ABB03A231F}.Debug|Any CPU.Build.0 = Debug|Any CPU
		{909A7C8D-F7FD-49BD-A68D-40ABB03A231F}.Release|Any CPU.ActiveCfg = Release|Any CPU
		{909A7C8D-F7FD-49BD-A68D-40ABB03A231F}.Release|Any CPU.Build.0 = Release|Any CPU
		{7ED3129B-D5B8-4E89-9F2E-7368D7A3ACF5}.Debug|Any CPU.ActiveCfg = Debug|Any CPU
		{7ED3129B-D5B8-4E89-9F2E-7368D7A3ACF5}.Debug|Any CPU.Build.0 = Debug|Any CPU
		{7ED3129B-D5B8-4E89-9F2E-7368D7A3ACF5}.Release|Any CPU.ActiveCfg = Release|Any CPU
		{7ED3129B-D5B8-4E89-9F2E-7368D7A3ACF5}.Release|Any CPU.Build.0 = Release|Any CPU
		{A16E2EE6-B195-4898-BE0E-6C59920BD0F0}.Debug|Any CPU.ActiveCfg = Debug|Any CPU
		{A16E2EE6-B195-4898-BE0E-6C59920BD0F0}.Debug|Any CPU.Build.0 = Debug|Any CPU
		{A16E2EE6-B195-4898-BE0E-6C59920BD0F0}.Release|Any CPU.ActiveCfg = Release|Any CPU
		{A16E2EE6-B195-4898-BE0E-6C59920BD0F0}.Release|Any CPU.Build.0 = Release|Any CPU
		{BA8B6516-86C8-49D2-B54B-778A25B4329A}.Debug|Any CPU.ActiveCfg = Debug|Any CPU
		{BA8B6516-86C8-49D2-B54B-778A25B4329A}.Debug|Any CPU.Build.0 = Debug|Any CPU
		{BA8B6516-86C8-49D2-B54B-778A25B4329A}.Release|Any CPU.ActiveCfg = Release|Any CPU
		{BA8B6516-86C8-49D2-B54B-778A25B4329A}.Release|Any CPU.Build.0 = Release|Any CPU
	EndGlobalSection
	GlobalSection(SolutionProperties) = preSolution
		HideSolutionNode = FALSE
	EndGlobalSection
	GlobalSection(ExtensibilityGlobals) = postSolution
		SolutionGuid = {4DAF2F9B-A777-4FDA-915E-2134BB45CB3D}
	EndGlobalSection
EndGlobal
