
Microsoft Visual Studio Solution File, Format Version 12.00
# Visual Studio Version 17
VisualStudioVersion = 17.9.34622.214
MinimumVisualStudioVersion = 10.0.40219.1
Project("{FAE04EC0-301F-11D3-BF4B-00C04F79EFBC}") = "Serialization", "Serialization\Serialization.csproj", "{FC68F862-B40C-44FE-BC7F-4BE9040B177F}"
EndProject
Project("{FAE04EC0-301F-11D3-BF4B-00C04F79EFBC}") = "JSONWithNewtonsoft", "JSONWithNewtonsoft\JSONWithNewtonsoft.csproj", "{BB0403D8-7D4F-4779-A7D4-7B46B5356E7D}"
EndProject
Project("{FAE04EC0-301F-11D3-BF4B-00C04F79EFBC}") = "Exercise1", "Exercise1\Exercise1.csproj", "{CCFED596-9A11-433E-BFE8-544514EAAC9C}"
EndProject
Global
	GlobalSection(SolutionConfigurationPlatforms) = preSolution
		Debug|Any CPU = Debug|Any CPU
		Release|Any CPU = Release|Any CPU
	EndGlobalSection
	GlobalSection(ProjectConfigurationPlatforms) = postSolution
		{FC68F862-B40C-44FE-BC7F-4BE9040B177F}.Debug|Any CPU.ActiveCfg = Debug|Any CPU
		{FC68F862-B40C-44FE-BC7F-4BE9040B177F}.Debug|Any CPU.Build.0 = Debug|Any CPU
		{FC68F862-B40C-44FE-BC7F-4BE9040B177F}.Release|Any CPU.ActiveCfg = Release|Any CPU
		{FC68F862-B40C-44FE-BC7F-4BE9040B177F}.Release|Any CPU.Build.0 = Release|Any CPU
		{BB0403D8-7D4F-4779-A7D4-7B46B5356E7D}.Debug|Any CPU.ActiveCfg = Debug|Any CPU
		{BB0403D8-7D4F-4779-A7D4-7B46B5356E7D}.Debug|Any CPU.Build.0 = Debug|Any CPU
		{BB0403D8-7D4F-4779-A7D4-7B46B5356E7D}.Release|Any CPU.ActiveCfg = Release|Any CPU
		{BB0403D8-7D4F-4779-A7D4-7B46B5356E7D}.Release|Any CPU.Build.0 = Release|Any CPU
		{CCFED596-9A11-433E-BFE8-544514EAAC9C}.Debug|Any CPU.ActiveCfg = Debug|Any CPU
		{CCFED596-9A11-433E-BFE8-544514EAAC9C}.Debug|Any CPU.Build.0 = Debug|Any CPU
		{CCFED596-9A11-433E-BFE8-544514EAAC9C}.Release|Any CPU.ActiveCfg = Release|Any CPU
		{CCFED596-9A11-433E-BFE8-544514EAAC9C}.Release|Any CPU.Build.0 = Release|Any CPU
	EndGlobalSection
	GlobalSection(SolutionProperties) = preSolution
		HideSolutionNode = FALSE
	EndGlobalSection
	GlobalSection(ExtensibilityGlobals) = postSolution
		SolutionGuid = {D2374E66-C6A2-47CC-9AF6-2BF1FFF5595C}
	EndGlobalSection
EndGlobal
