
Microsoft Visual Studio Solution File, Format Version 12.00
# Visual Studio Version 17
VisualStudioVersion = 17.9.34616.47
MinimumVisualStudioVersion = 10.0.40219.1
Project("{FAE04EC0-301F-11D3-BF4B-00C04F79EFBC}") = "Services", "Services\Services.csproj", "{39BA096D-5DAC-4CF8-A88F-26D131DFB684}"
EndProject
Global
	GlobalSection(SolutionConfigurationPlatforms) = preSolution
		Debug|Any CPU = Debug|Any CPU
		Release|Any CPU = Release|Any CPU
	EndGlobalSection
	GlobalSection(ProjectConfigurationPlatforms) = postSolution
		{39BA096D-5DAC-4CF8-A88F-26D131DFB684}.Debug|Any CPU.ActiveCfg = Debug|Any CPU
		{39BA096D-5DAC-4CF8-A88F-26D131DFB684}.Debug|Any CPU.Build.0 = Debug|Any CPU
		{39BA096D-5DAC-4CF8-A88F-26D131DFB684}.Release|Any CPU.ActiveCfg = Release|Any CPU
		{39BA096D-5DAC-4CF8-A88F-26D131DFB684}.Release|Any CPU.Build.0 = Release|Any CPU
	EndGlobalSection
	GlobalSection(SolutionProperties) = preSolution
		HideSolutionNode = FALSE
	EndGlobalSection
	GlobalSection(ExtensibilityGlobals) = postSolution
		SolutionGuid = {8A3EC3F5-56B0-4584-B543-07D12E835AE4}
	EndGlobalSection
EndGlobal
