
Microsoft Visual Studio Solution File, Format Version 12.00
# Visual Studio Version 17
VisualStudioVersion = 17.5.002.0
MinimumVisualStudioVersion = 10.0.40219.1
Project("{9A19103F-16F7-4668-BE54-9A1E7A4F7556}") = "Serialization", "Serialization.csproj", "{9548443F-9DD7-4771-B9DA-9234ED33102F}"
EndProject
Global
	GlobalSection(SolutionConfigurationPlatforms) = preSolution
		Debug|Any CPU = Debug|Any CPU
		Release|Any CPU = Release|Any CPU
	EndGlobalSection
	GlobalSection(ProjectConfigurationPlatforms) = postSolution
		{9548443F-9DD7-4771-B9DA-9234ED33102F}.Debug|Any CPU.ActiveCfg = Debug|Any CPU
		{9548443F-9DD7-4771-B9DA-9234ED33102F}.Debug|Any CPU.Build.0 = Debug|Any CPU
		{9548443F-9DD7-4771-B9DA-9234ED33102F}.Release|Any CPU.ActiveCfg = Release|Any CPU
		{9548443F-9DD7-4771-B9DA-9234ED33102F}.Release|Any CPU.Build.0 = Release|Any CPU
	EndGlobalSection
	GlobalSection(SolutionProperties) = preSolution
		HideSolutionNode = FALSE
	EndGlobalSection
	GlobalSection(ExtensibilityGlobals) = postSolution
		SolutionGuid = {3937B943-4F15-4962-88F4-5B299596FC51}
	EndGlobalSection
EndGlobal
